// !$*UTF8*$!
{
	archiveVersion = 1;
	classes = {
	};
	objectVersion = 50;
	objects = {

/* Begin PBXBuildFile section */
		BAC3FC7C20BB9D9A007ECB1D /* AppDelegate.swift in Sources */ = {isa = PBXBuildFile; fileRef = BAC3FC7B20BB9D9A007ECB1D /* AppDelegate.swift */; };
		BAC3FC7E20BB9D9A007ECB1D /* ViewController.swift in Sources */ = {isa = PBXBuildFile; fileRef = BAC3FC7D20BB9D9A007ECB1D /* ViewController.swift */; };
		BAC3FC8120BB9D9A007ECB1D /* Main.storyboard in Resources */ = {isa = PBXBuildFile; fileRef = BAC3FC7F20BB9D9A007ECB1D /* Main.storyboard */; };
		BAC3FC8320BB9D9C007ECB1D /* Assets.xcassets in Resources */ = {isa = PBXBuildFile; fileRef = BAC3FC8220BB9D9C007ECB1D /* Assets.xcassets */; };
		BAC3FC8620BB9D9C007ECB1D /* LaunchScreen.storyboard in Resources */ = {isa = PBXBuildFile; fileRef = BAC3FC8420BB9D9C007ECB1D /* LaunchScreen.storyboard */; };
		BAC3FC9120BB9D9C007ECB1D /* FoodTrackerTests.swift in Sources */ = {isa = PBXBuildFile; fileRef = BAC3FC9020BB9D9C007ECB1D /* FoodTrackerTests.swift */; };
/* End PBXBuildFile section */

/* Begin PBXContainerItemProxy section */
		BAC3FC8D20BB9D9C007ECB1D /* PBXContainerItemProxy */ = {
			isa = PBXContainerItemProxy;
			containerPortal = BAC3FC7020BB9D9A007ECB1D /* Project object */;
			proxyType = 1;
			remoteGlobalIDString = BAC3FC7720BB9D9A007ECB1D;
			remoteInfo = FoodTracker;
		};
/* End PBXContainerItemProxy section */

/* Begin PBXFileReference section */
		BAC3FC7820BB9D9A007ECB1D /* FoodTracker.app */ = {isa = PBXFileReference; explicitFileType = wrapper.application; includeInIndex = 0; path = FoodTracker.app; sourceTree = BUILT_PRODUCTS_DIR; };
		BAC3FC7B20BB9D9A007ECB1D /* AppDelegate.swift */ = {isa = PBXFileReference; lastKnownFileType = sourcecode.swift; path = AppDelegate.swift; sourceTree = "<group>"; };
		BAC3FC7D20BB9D9A007ECB1D /* ViewController.swift */ = {isa = PBXFileReference; lastKnownFileType = sourcecode.swift; path = ViewController.swift; sourceTree = "<group>"; };
		BAC3FC8020BB9D9A007ECB1D /* Base */ = {isa = PBXFileReference; lastKnownFileType = file.storyboard; name = Base; path = Base.lproj/Main.storyboard; sourceTree = "<group>"; };
		BAC3FC8220BB9D9C007ECB1D /* Assets.xcassets */ = {isa = PBXFileReference; lastKnownFileType = folder.assetcatalog; path = Assets.xcassets; sourceTree = "<group>"; };
		BAC3FC8520BB9D9C007ECB1D /* Base */ = {isa = PBXFileReference; lastKnownFileType = file.storyboard; name = Base; path = Base.lproj/LaunchScreen.storyboard; sourceTree = "<group>"; };
		BAC3FC8720BB9D9C007ECB1D /* Info.plist */ = {isa = PBXFileReference; lastKnownFileType = text.plist.xml; path = Info.plist; sourceTree = "<group>"; };
		BAC3FC8C20BB9D9C007ECB1D /* FoodTrackerTests.xctest */ = {isa = PBXFileReference; explicitFileType = wrapper.cfbundle; includeInIndex = 0; path = FoodTrackerTests.xctest; sourceTree = BUILT_PRODUCTS_DIR; };
		BAC3FC9020BB9D9C007ECB1D /* FoodTrackerTests.swift */ = {isa = PBXFileReference; lastKnownFileType = sourcecode.swift; path = FoodTrackerTests.swift; sourceTree = "<group>"; };
		BAC3FC9220BB9D9C007ECB1D /* Info.plist */ = {isa = PBXFileReference; lastKnownFileType = text.plist.xml; path = Info.plist; sourceTree = "<group>"; };
/* End PBXFileReference section */

/* Begin PBXFrameworksBuildPhase section */
		BAC3FC7520BB9D9A007ECB1D /* Frameworks */ = {
			isa = PBXFrameworksBuildPhase;
			buildActionMask = 2147483647;
			files = (
			);
			runOnlyForDeploymentPostprocessing = 0;
		};
		BAC3FC8920BB9D9C007ECB1D /* Frameworks */ = {
			isa = PBXFrameworksBuildPhase;
			buildActionMask = 2147483647;
			files = (
			);
			runOnlyForDeploymentPostprocessing = 0;
		};
/* End PBXFrameworksBuildPhase section */

/* Begin PBXGroup section */
		BAC3FC6F20BB9D9A007ECB1D = {
			isa = PBXGroup;
			children = (
				BAC3FC7A20BB9D9A007ECB1D /* FoodTracker */,
				BAC3FC8F20BB9D9C007ECB1D /* FoodTrackerTests */,
				BAC3FC7920BB9D9A007ECB1D /* Products */,
			);
			sourceTree = "<group>";
		};
		BAC3FC7920BB9D9A007ECB1D /* Products */ = {
			isa = PBXGroup;
			children = (
				BAC3FC7820BB9D9A007ECB1D /* FoodTracker.app */,
				BAC3FC8C20BB9D9C007ECB1D /* FoodTrackerTests.xctest */,
			);
			name = Products;
			sourceTree = "<group>";
		};
		BAC3FC7A20BB9D9A007ECB1D /* FoodTracker */ = {
			isa = PBXGroup;
			children = (
				BAC3FC7B20BB9D9A007ECB1D /* AppDelegate.swift */,
				BAC3FC7D20BB9D9A007ECB1D /* ViewController.swift */,
				BAC3FC7F20BB9D9A007ECB1D /* Main.storyboard */,
				BAC3FC8220BB9D9C007ECB1D /* Assets.xcassets */,
				BAC3FC8420BB9D9C007ECB1D /* LaunchScreen.storyboard */,
				BAC3FC8720BB9D9C007ECB1D /* Info.plist */,
			);
			path = FoodTracker;
			sourceTree = "<group>";
		};
		BAC3FC8F20BB9D9C007ECB1D /* FoodTrackerTests */ = {
			isa = PBXGroup;
			children = (
				BAC3FC9020BB9D9C007ECB1D /* FoodTrackerTests.swift */,
				BAC3FC9220BB9D9C007ECB1D /* Info.plist */,
			);
			path = FoodTrackerTests;
			sourceTree = "<group>";
		};
/* End PBXGroup section */

/* Begin PBXNativeTarget section */
		BAC3FC7720BB9D9A007ECB1D /* FoodTracker */ = {
			isa = PBXNativeTarget;
			buildConfigurationList = BAC3FC9520BB9D9C007ECB1D /* Build configuration list for PBXNativeTarget "FoodTracker" */;
			buildPhases = (
				BAC3FC7420BB9D9A007ECB1D /* Sources */,
				BAC3FC7520BB9D9A007ECB1D /* Frameworks */,
				BAC3FC7620BB9D9A007ECB1D /* Resources */,
			);
			buildRules = (
			);
			dependencies = (
			);
			name = FoodTracker;
			productName = FoodTracker;
			productReference = BAC3FC7820BB9D9A007ECB1D /* FoodTracker.app */;
			productType = "com.apple.product-type.application";
		};
		BAC3FC8B20BB9D9C007ECB1D /* FoodTrackerTests */ = {
			isa = PBXNativeTarget;
			buildConfigurationList = BAC3FC9820BB9D9C007ECB1D /* Build configuration list for PBXNativeTarget "FoodTrackerTests" */;
			buildPhases = (
				BAC3FC8820BB9D9C007ECB1D /* Sources */,
				BAC3FC8920BB9D9C007ECB1D /* Frameworks */,
				BAC3FC8A20BB9D9C007ECB1D /* Resources */,
			);
			buildRules = (
			);
			dependencies = (
				BAC3FC8E20BB9D9C007ECB1D /* PBXTargetDependency */,
			);
			name = FoodTrackerTests;
			productName = FoodTrackerTests;
			productReference = BAC3FC8C20BB9D9C007ECB1D /* FoodTrackerTests.xctest */;
			productType = "com.apple.product-type.bundle.unit-test";
		};
/* End PBXNativeTarget section */

/* Begin PBXProject section */
		BAC3FC7020BB9D9A007ECB1D /* Project object */ = {
			isa = PBXProject;
			attributes = {
				LastSwiftUpdateCheck = 0930;
				LastUpgradeCheck = 0930;
				ORGANIZATIONNAME = "Alexander Ogilvie";
				TargetAttributes = {
					BAC3FC7720BB9D9A007ECB1D = {
						CreatedOnToolsVersion = 9.3.1;
					};
					BAC3FC8B20BB9D9C007ECB1D = {
						CreatedOnToolsVersion = 9.3.1;
						TestTargetID = BAC3FC7720BB9D9A007ECB1D;
					};
				};
			};
			buildConfigurationList = BAC3FC7320BB9D9A007ECB1D /* Build configuration list for PBXProject "FoodTracker" */;
			compatibilityVersion = "Xcode 9.3";
			developmentRegion = en;
			hasScannedForEncodings = 0;
			knownRegions = (
				en,
				Base,
			);
			mainGroup = BAC3FC6F20BB9D9A007ECB1D;
			productRefGroup = BAC3FC7920BB9D9A007ECB1D /* Products */;
			projectDirPath = "";
			projectRoot = "";
			targets = (
				BAC3FC7720BB9D9A007ECB1D /* FoodTracker */,
				BAC3FC8B20BB9D9C007ECB1D /* FoodTrackerTests */,
			);
		};
/* End PBXProject section */

/* Begin PBXResourcesBuildPhase section */
		BAC3FC7620BB9D9A007ECB1D /* Resources */ = {
			isa = PBXResourcesBuildPhase;
			buildActionMask = 2147483647;
			files = (
				BAC3FC8620BB9D9C007ECB1D /* LaunchScreen.storyboard in Resources */,
				BAC3FC8320BB9D9C007ECB1D /* Assets.xcassets in Resources */,
				BAC3FC8120BB9D9A007ECB1D /* Main.storyboard in Resources */,
			);
			runOnlyForDeploymentPostprocessing = 0;
		};
		BAC3FC8A20BB9D9C007ECB1D /* Resources */ = {
			isa = PBXResourcesBuildPhase;
			buildActionMask = 2147483647;
			files = (
			);
			runOnlyForDeploymentPostprocessing = 0;
		};
/* End PBXResourcesBuildPhase section */

/* Begin PBXSourcesBuildPhase section */
		BAC3FC7420BB9D9A007ECB1D /* Sources */ = {
			isa = PBXSourcesBuildPhase;
			buildActionMask = 2147483647;
			files = (
				BAC3FC7E20BB9D9A007ECB1D /* ViewController.swift in Sources */,
				BAC3FC7C20BB9D9A007ECB1D /* AppDelegate.swift in Sources */,
			);
			runOnlyForDeploymentPostprocessing = 0;
		};
		BAC3FC8820BB9D9C007ECB1D /* Sources */ = {
			isa = PBXSourcesBuildPhase;
			buildActionMask = 2147483647;
			files = (
				BAC3FC9120BB9D9C007ECB1D /* FoodTrackerTests.swift in Sources */,
			);
			runOnlyForDeploymentPostprocessing = 0;
		};
/* End PBXSourcesBuildPhase section */

/* Begin PBXTargetDependency section */
		BAC3FC8E20BB9D9C007ECB1D /* PBXTargetDependency */ = {
			isa = PBXTargetDependency;
			target = BAC3FC7720BB9D9A007ECB1D /* FoodTracker */;
			targetProxy = BAC3FC8D20BB9D9C007ECB1D /* PBXContainerItemProxy */;
		};
/* End PBXTargetDependency section */

/* Begin PBXVariantGroup section */
		BAC3FC7F20BB9D9A007ECB1D /* Main.storyboard */ = {
			isa = PBXVariantGroup;
			children = (
				BAC3FC8020BB9D9A007ECB1D /* Base */,
			);
			name = Main.storyboard;
			sourceTree = "<group>";
		};
		BAC3FC8420BB9D9C007ECB1D /* LaunchScreen.storyboard */ = {
			isa = PBXVariantGroup;
			children = (
				BAC3FC8520BB9D9C007ECB1D /* Base */,
			);
			name = LaunchScreen.storyboard;
			sourceTree = "<group>";
		};
/* End PBXVariantGroup section */

/* Begin XCBuildConfiguration section */
		BAC3FC9320BB9D9C007ECB1D /* Debug */ = {
			isa = XCBuildConfiguration;
			buildSettings = {
				ALWAYS_SEARCH_USER_PATHS = NO;
				CLANG_ANALYZER_NONNULL = YES;
				CLANG_ANALYZER_NUMBER_OBJECT_CONVERSION = YES_AGGRESSIVE;
				CLANG_CXX_LANGUAGE_STANDARD = "gnu++14";
				CLANG_CXX_LIBRARY = "libc++";
				CLANG_ENABLE_MODULES = YES;
				CLANG_ENABLE_OBJC_ARC = YES;
				CLANG_ENABLE_OBJC_WEAK = YES;
				CLANG_WARN_BLOCK_CAPTURE_AUTORELEASING = YES;
				CLANG_WARN_BOOL_CONVERSION = YES;
				CLANG_WARN_COMMA = YES;
				CLANG_WARN_CONSTANT_CONVERSION = YES;
				CLANG_WARN_DEPRECATED_OBJC_IMPLEMENTATIONS = YES;
				CLANG_WARN_DIRECT_OBJC_ISA_USAGE = YES_ERROR;
				CLANG_WARN_DOCUMENTATION_COMMENTS = YES;
				CLANG_WARN_EMPTY_BODY = YES;
				CLANG_WARN_ENUM_CONVERSION = YES;
				CLANG_WARN_INFINITE_RECURSION = YES;
				CLANG_WARN_INT_CONVERSION = YES;
				CLANG_WARN_NON_LITERAL_NULL_CONVERSION = YES;
				CLANG_WARN_OBJC_IMPLICIT_RETAIN_SELF = YES;
				CLANG_WARN_OBJC_LITERAL_CONVERSION = YES;
				CLANG_WARN_OBJC_ROOT_CLASS = YES_ERROR;
				CLANG_WARN_RANGE_LOOP_ANALYSIS = YES;
				CLANG_WARN_STRICT_PROTOTYPES = YES;
				CLANG_WARN_SUSPICIOUS_MOVE = YES;
				CLANG_WARN_UNGUARDED_AVAILABILITY = YES_AGGRESSIVE;
				CLANG_WARN_UNREACHABLE_CODE = YES;
				CLANG_WARN__DUPLICATE_METHOD_MATCH = YES;
				CODE_SIGN_IDENTITY = "iPhone Developer";
				COPY_PHASE_STRIP = NO;
				DEBUG_INFORMATION_FORMAT = dwarf;
				ENABLE_STRICT_OBJC_MSGSEND = YES;
				ENABLE_TESTABILITY = YES;
				GCC_C_LANGUAGE_STANDARD = gnu11;
				GCC_DYNAMIC_NO_PIC = NO;
				GCC_NO_COMMON_BLOCKS = YES;
				GCC_OPTIMIZATION_LEVEL = 0;
				GCC_PREPROCESSOR_DEFINITIONS = (
					"DEBUG=1",
					"$(inherited)",
				);
				GCC_WARN_64_TO_32_BIT_CONVERSION = YES;
				GCC_WARN_ABOUT_RETURN_TYPE = YES_ERROR;
				GCC_WARN_UNDECLARED_SELECTOR = YES;
				GCC_WARN_UNINITIALIZED_AUTOS = YES_AGGRESSIVE;
				GCC_WARN_UNUSED_FUNCTION = YES;
				GCC_WARN_UNUSED_VARIABLE = YES;
				IPHONEOS_DEPLOYMENT_TARGET = 11.3;
				MTL_ENABLE_DEBUG_INFO = YES;
				ONLY_ACTIVE_ARCH = YES;
				SDKROOT = iphoneos;
				SWIFT_ACTIVE_COMPILATION_CONDITIONS = DEBUG;
				SWIFT_OPTIMIZATION_LEVEL = "-Onone";
			};
			name = Debug;
		};
		BAC3FC9420BB9D9C007ECB1D /* Release */ = {
			isa = XCBuildConfiguration;
			buildSettings = {
				ALWAYS_SEARCH_USER_PATHS = NO;
				CLANG_ANALYZER_NONNULL = YES;
				CLANG_ANALYZER_NUMBER_OBJECT_CONVERSION = YES_AGGRESSIVE;
				CLANG_CXX_LANGUAGE_STANDARD = "gnu++14";
				CLANG_CXX_LIBRARY = "libc++";
				CLANG_ENABLE_MODULES = YES;
				CLANG_ENABLE_OBJC_ARC = YES;
				CLANG_ENABLE_OBJC_WEAK = YES;
				CLANG_WARN_BLOCK_CAPTURE_AUTORELEASING = YES;
				CLANG_WARN_BOOL_CONVERSION = YES;
				CLANG_WARN_COMMA = YES;
				CLANG_WARN_CONSTANT_CONVERSION = YES;
				CLANG_WARN_DEPRECATED_OBJC_IMPLEMENTATIONS = YES;
				CLANG_WARN_DIRECT_OBJC_ISA_USAGE = YES_ERROR;
				CLANG_WARN_DOCUMENTATION_COMMENTS = YES;
				CLANG_WARN_EMPTY_BODY = YES;
				CLANG_WARN_ENUM_CONVERSION = YES;
				CLANG_WARN_INFINITE_RECURSION = YES;
				CLANG_WARN_INT_CONVERSION = YES;
				CLANG_WARN_NON_LITERAL_NULL_CONVERSION = YES;
				CLANG_WARN_OBJC_IMPLICIT_RETAIN_SELF = YES;
				CLANG_WARN_OBJC_LITERAL_CONVERSION = YES;
				CLANG_WARN_OBJC_ROOT_CLASS = YES_ERROR;
				CLANG_WARN_RANGE_LOOP_ANALYSIS = YES;
				CLANG_WARN_STRICT_PROTOTYPES = YES;
				CLANG_WARN_SUSPICIOUS_MOVE = YES;
				CLANG_WARN_UNGUARDED_AVAILABILITY = YES_AGGRESSIVE;
				CLANG_WARN_UNREACHABLE_CODE = YES;
				CLANG_WARN__DUPLICATE_METHOD_MATCH = YES;
				CODE_SIGN_IDENTITY = "iPhone Developer";
				COPY_PHASE_STRIP = NO;
				DEBUG_INFORMATION_FORMAT = "dwarf-with-dsym";
				ENABLE_NS_ASSERTIONS = NO;
				ENABLE_STRICT_OBJC_MSGSEND = YES;
				GCC_C_LANGUAGE_STANDARD = gnu11;
				GCC_NO_COMMON_BLOCKS = YES;
				GCC_WARN_64_TO_32_BIT_CONVERSION = YES;
				GCC_WARN_ABOUT_RETURN_TYPE = YES_ERROR;
				GCC_WARN_UNDECLARED_SELECTOR = YES;
				GCC_WARN_UNINITIALIZED_AUTOS = YES_AGGRESSIVE;
				GCC_WARN_UNUSED_FUNCTION = YES;
				GCC_WARN_UNUSED_VARIABLE = YES;
				IPHONEOS_DEPLOYMENT_TARGET = 11.3;
				MTL_ENABLE_DEBUG_INFO = NO;
				SDKROOT = iphoneos;
				SWIFT_COMPILATION_MODE = wholemodule;
				SWIFT_OPTIMIZATION_LEVEL = "-O";
				VALIDATE_PRODUCT = YES;
			};
			name = Release;
		};
		BAC3FC9620BB9D9C007ECB1D /* Debug */ = {
			isa = XCBuildConfiguration;
			buildSettings = {
				ASSETCATALOG_COMPILER_APPICON_NAME = AppIcon;
				CODE_SIGN_STYLE = Automatic;
				INFOPLIST_FILE = FoodTracker/Info.plist;
				LD_RUNPATH_SEARCH_PATHS = (
					"$(inherited)",
					"@executable_path/Frameworks",
				);
				PRODUCT_BUNDLE_IDENTIFIER = "a-ogilvie.FoodTracker";
				PRODUCT_NAME = "$(TARGET_NAME)";
				SWIFT_VERSION = 4.0;
				TARGETED_DEVICE_FAMILY = "1,2";
			};
			name = Debug;
		};
		BAC3FC9720BB9D9C007ECB1D /* Release */ = {
			isa = XCBuildConfiguration;
			buildSettings = {
				ASSETCATALOG_COMPILER_APPICON_NAME = AppIcon;
				CODE_SIGN_STYLE = Automatic;
				INFOPLIST_FILE = FoodTracker/Info.plist;
				LD_RUNPATH_SEARCH_PATHS = (
					"$(inherited)",
					"@executable_path/Frameworks",
				);
				PRODUCT_BUNDLE_IDENTIFIER = "a-ogilvie.FoodTracker";
				PRODUCT_NAME = "$(TARGET_NAME)";
				SWIFT_VERSION = 4.0;
				TARGETED_DEVICE_FAMILY = "1,2";
			};
			name = Release;
		};
		BAC3FC9920BB9D9C007ECB1D /* Debug */ = {
			isa = XCBuildConfiguration;
			buildSettings = {
				ALWAYS_EMBED_SWIFT_STANDARD_LIBRARIES = YES;
				BUNDLE_LOADER = "$(TEST_HOST)";
				CODE_SIGN_STYLE = Automatic;
				INFOPLIST_FILE = FoodTrackerTests/Info.plist;
				LD_RUNPATH_SEARCH_PATHS = (
					"$(inherited)",
					"@executable_path/Frameworks",
					"@loader_path/Frameworks",
				);
				PRODUCT_BUNDLE_IDENTIFIER = "a-ogilvie.FoodTrackerTests";
				PRODUCT_NAME = "$(TARGET_NAME)";
				SWIFT_VERSION = 4.0;
				TARGETED_DEVICE_FAMILY = "1,2";
				TEST_HOST = "$(BUILT_PRODUCTS_DIR)/FoodTracker.app/FoodTracker";
			};
			name = Debug;
		};
		BAC3FC9A20BB9D9C007ECB1D /* Release */ = {
			isa = XCBuildConfiguration;
			buildSettings = {
				ALWAYS_EMBED_SWIFT_STANDARD_LIBRARIES = YES;
				BUNDLE_LOADER = "$(TEST_HOST)";
				CODE_SIGN_STYLE = Automatic;
				INFOPLIST_FILE = FoodTrackerTests/Info.plist;
				LD_RUNPATH_SEARCH_PATHS = (
					"$(inherited)",
					"@executable_path/Frameworks",
					"@loader_path/Frameworks",
				);
				PRODUCT_BUNDLE_IDENTIFIER = "a-ogilvie.FoodTrackerTests";
				PRODUCT_NAME = "$(TARGET_NAME)";
				SWIFT_VERSION = 4.0;
				TARGETED_DEVICE_FAMILY = "1,2";
				TEST_HOST = "$(BUILT_PRODUCTS_DIR)/FoodTracker.app/FoodTracker";
			};
			name = Release;
		};
/* End XCBuildConfiguration section */

/* Begin XCConfigurationList section */
		BAC3FC7320BB9D9A007ECB1D /* Build configuration list for PBXProject "FoodTracker" */ = {
			isa = XCConfigurationList;
			buildConfigurations = (
				BAC3FC9320BB9D9C007ECB1D /* Debug */,
				BAC3FC9420BB9D9C007ECB1D /* Release */,
			);
			defaultConfigurationIsVisible = 0;
			defaultConfigurationName = Release;
		};
		BAC3FC9520BB9D9C007ECB1D /* Build configuration list for PBXNativeTarget "FoodTracker" */ = {
			isa = XCConfigurationList;
			buildConfigurations = (
				BAC3FC9620BB9D9C007ECB1D /* Debug */,
				BAC3FC9720BB9D9C007ECB1D /* Release */,
			);
			defaultConfigurationIsVisible = 0;
			defaultConfigurationName = Release;
		};
		BAC3FC9820BB9D9C007ECB1D /* Build configuration list for PBXNativeTarget "FoodTrackerTests" */ = {
			isa = XCConfigurationList;
			buildConfigurations = (
				BAC3FC9920BB9D9C007ECB1D /* Debug */,
				BAC3FC9A20BB9D9C007ECB1D /* Release */,
			);
			defaultConfigurationIsVisible = 0;
			defaultConfigurationName = Release;
		};
/* End XCConfigurationList section */
	};
	rootObject = BAC3FC7020BB9D9A007ECB1D /* Project object */;
}
